# This file is autogenerated, do not edit; changes may be undone by the next 'dep ensure'.


[[projects]]
  name = "github.com/go-chi/chi"
  packages = ["."]
  revision = "86f9a6e7ce9bf453eaa339b51f88f586edbccbc1"
  version = "v4.1.2"

[[projects]]
  name = "github.com/go-sql-driver/mysql"
  packages = ["."]
  revision = "17ef3dd9d98b69acec3e85878995ada9533a9370"
  version = "v1.5.0"

[solve-meta]
  analyzer-name = "dep"
  analyzer-version = 1
  inputs-digest = "d8b52f91cef7f69f733cbb4e3384b86e385e47230c186503052fbb087ecef604"
  solver-name = "gps-cdcl"
  solver-version = 1
